{
  "name": "diamond-demo",
  "version": "1.0.0",
  "lockfileVersion": 2,
  "requires": true,
  "packages": {
    "": {
      "name": "diamond-demo",
      "version": "1.0.0",
      "dependencies": {
        "parent-a": "1.0.0",
        "parent-b": "1.0.0"
      }
    },
    "node_modules/parent-a": {
      "version": "1.0.0",
      "dependencies": {
        "child-c": "^1.0.0"
      }
    },
    "node_modules/parent-b": {
      "version": "1.0.0",
      "dependencies": {
        "child-c": "^1.0.0"
      }
    },
    "node_modules/child-c": {
      "version": "1.0.0"
    }
  }
}
